
Microsoft Visual Studio Solution File, Format Version 12.00
# Visual Studio Version 17
VisualStudioVersion = 17.3.32922.545
MinimumVisualStudioVersion = 10.0.40219.1
Project("{FAE04EC0-301F-11D3-BF4B-00C04F79EFBC}") = "BookCoreWebApi", "BookCoreWebApi\BookCoreWebApi.csproj", "{FD8CF829-2DA3-4EB8-8439-03179E614010}"
EndProject
Global
	GlobalSection(SolutionConfigurationPlatforms) = preSolution
		Debug|Any CPU = Debug|Any CPU
		Release|Any CPU = Release|Any CPU
	EndGlobalSection
	GlobalSection(ProjectConfigurationPlatforms) = postSolution
		{FD8CF829-2DA3-4EB8-8439-03179E614010}.Debug|Any CPU.ActiveCfg = Debug|Any CPU
		{FD8CF829-2DA3-4EB8-8439-03179E614010}.Debug|Any CPU.Build.0 = Debug|Any CPU
		{FD8CF829-2DA3-4EB8-8439-03179E614010}.Release|Any CPU.ActiveCfg = Release|Any CPU
		{FD8CF829-2DA3-4EB8-8439-03179E614010}.Release|Any CPU.Build.0 = Release|Any CPU
	EndGlobalSection
	GlobalSection(SolutionProperties) = preSolution
		HideSolutionNode = FALSE
	EndGlobalSection
	GlobalSection(ExtensibilityGlobals) = postSolution
		SolutionGuid = {FC37A904-0452-4E2B-A38A-8348510DF00B}
	EndGlobalSection
EndGlobal
